
Microsoft Visual Studio Solution File, Format Version 12.00
# Visual Studio 15
VisualStudioVersion = 15.0.28307.2092
MinimumVisualStudioVersion = 10.0.40219.1
Project("{FAE04EC0-301F-11D3-BF4B-00C04F79EFBC}") = "EmailValidation", "EmailValidation\EmailValidation.csproj", "{E4FB3281-9574-4EB0-B9F3-3A8C0CE7AB32}"
EndProject
Global
	GlobalSection(SolutionConfigurationPlatforms) = preSolution
		Debug|Any CPU = Debug|Any CPU
		Release|Any CPU = Release|Any CPU
	EndGlobalSection
	GlobalSection(ProjectConfigurationPlatforms) = postSolution
		{E4FB3281-9574-4EB0-B9F3-3A8C0CE7AB32}.Debug|Any CPU.ActiveCfg = Debug|Any CPU
		{E4FB3281-9574-4EB0-B9F3-3A8C0CE7AB32}.Debug|Any CPU.Build.0 = Debug|Any CPU
		{E4FB3281-9574-4EB0-B9F3-3A8C0CE7AB32}.Release|Any CPU.ActiveCfg = Release|Any CPU
		{E4FB3281-9574-4EB0-B9F3-3A8C0CE7AB32}.Release|Any CPU.Build.0 = Release|Any CPU
	EndGlobalSection
	GlobalSection(SolutionProperties) = preSolution
		HideSolutionNode = FALSE
	EndGlobalSection
	GlobalSection(ExtensibilityGlobals) = postSolution
		SolutionGuid = {3F952CC0-0D63-4241-9B02-2D575487AEE1}
	EndGlobalSection
EndGlobal
